
Microsoft Visual Studio Solution File, Format Version 12.00
# Visual Studio 15
VisualStudioVersion = 15.0.28307.1525
MinimumVisualStudioVersion = 10.0.40219.1
Project("{FAE04EC0-301F-11D3-BF4B-00C04F79EFBC}") = "OracleListener", "OracleListener\OracleListener.csproj", "{B1D3D1BA-B85C-46FC-AC01-DBD251AE2685}"
EndProject
Global
	GlobalSection(SolutionConfigurationPlatforms) = preSolution
		Debug|Any CPU = Debug|Any CPU
		Release|Any CPU = Release|Any CPU
	EndGlobalSection
	GlobalSection(ProjectConfigurationPlatforms) = postSolution
		{B1D3D1BA-B85C-46FC-AC01-DBD251AE2685}.Debug|Any CPU.ActiveCfg = Debug|Any CPU
		{B1D3D1BA-B85C-46FC-AC01-DBD251AE2685}.Debug|Any CPU.Build.0 = Debug|Any CPU
		{B1D3D1BA-B85C-46FC-AC01-DBD251AE2685}.Release|Any CPU.ActiveCfg = Release|Any CPU
		{B1D3D1BA-B85C-46FC-AC01-DBD251AE2685}.Release|Any CPU.Build.0 = Release|Any CPU
	EndGlobalSection
	GlobalSection(SolutionProperties) = preSolution
		HideSolutionNode = FALSE
	EndGlobalSection
	GlobalSection(ExtensibilityGlobals) = postSolution
		SolutionGuid = {11A6A2F4-C5B3-4258-9292-522113C669CA}
	EndGlobalSection
EndGlobal
